{
  "version": 4,
  "terraform_version": "1.12.2",
  "serial": 1,
  "lineage": "20031d01-a282-14c7-5720-0be0140754c5",
  "outputs": {},
  "resources": [
    {
      "mode": "managed",
      "type": "newrelic_one_dashboard",
      "name": "tf_dashboard",
      "provider": "provider[\"registry.terraform.io/newrelic/newrelic\"]",
      "instances": [
        {
          "schema_version": 0,
          "attributes": {
            "account_id": 6978422,
            "description": null,
            "guid": "Njk3ODQyMnxWSVp8REFTSEJPQVJEfGRhOjEwNzY0ODUx",
            "id": "Njk3ODQyMnxWSVp8REFTSEJPQVJEfGRhOjEwNzY0ODUx",
            "name": "Terraform VM Overview",
            "page": [
              {
                "description": "",
                "guid": "Njk3ODQyMnxWSVp8REFTSEJPQVJEfDQwOTY1ODY1",
                "name": "VM Metrics",
                "widget_area": [],
                "widget_bar": [],
                "widget_billboard": [],
                "widget_bullet": [],
                "widget_funnel": [],
                "widget_heatmap": [],
                "widget_histogram": [],
                "widget_json": [],
                "widget_line": [
                  {
                    "colors": [],
                    "column": 1,
                    "facet_show_other_series": false,
                    "height": 3,
                    "id": "454478464",
                    "ignore_time_range": false,
                    "is_label_visible": false,
                    "legend_enabled": true,
                    "nrql_query": [
                      {
                        "account_id": 6978422,
                        "query": "FROM SystemSample SELECT average(cpuPercent) WHERE hostname = 'POC-VM-Test' TIMESERIES"
                      }
                    ],
                    "null_values": [],
                    "row": 1,
                    "threshold": [],
                    "title": "CPU Usage (%)",
                    "units": [],
                    "width": 6,
                    "y_axis_left_max": 0,
                    "y_axis_left_min": 0,
                    "y_axis_left_zero": false,
                    "y_axis_right": []
                  },
                  {
                    "colors": [],
                    "column": 7,
                    "facet_show_other_series": false,
                    "height": 3,
                    "id": "454478465",
                    "ignore_time_range": false,
                    "is_label_visible": false,
                    "legend_enabled": true,
                    "nrql_query": [
                      {
                        "account_id": 6978422,
                        "query": "FROM SystemSample SELECT average(memoryUsedPercent) WHERE hostname = 'POC-VM-Test' TIMESERIES"
                      }
                    ],
                    "null_values": [],
                    "row": 1,
                    "threshold": [],
                    "title": "Memory Usage (%)",
                    "units": [],
                    "width": 6,
                    "y_axis_left_max": 0,
                    "y_axis_left_min": 0,
                    "y_axis_left_zero": false,
                    "y_axis_right": []
                  },
                  {
                    "colors": [],
                    "column": 1,
                    "facet_show_other_series": false,
                    "height": 3,
                    "id": "454478466",
                    "ignore_time_range": false,
                    "is_label_visible": false,
                    "legend_enabled": true,
                    "nrql_query": [
                      {
                        "account_id": 6978422,
                        "query": "FROM StorageSample SELECT average(diskUsedPercent) WHERE hostname = 'POC-VM-Test' TIMESERIES"
                      }
                    ],
                    "null_values": [],
                    "row": 2,
                    "threshold": [],
                    "title": "Disk Used (%)",
                    "units": [],
                    "width": 6,
                    "y_axis_left_max": 0,
                    "y_axis_left_min": 0,
                    "y_axis_left_zero": false,
                    "y_axis_right": []
                  }
                ],
                "widget_log_table": [],
                "widget_markdown": [],
                "widget_pie": [],
                "widget_stacked_bar": [],
                "widget_table": []
              }
            ],
            "permalink": "https://one.newrelic.com/redirect/entity/Njk3ODQyMnxWSVp8REFTSEJPQVJEfGRhOjEwNzY0ODUx",
            "permissions": "public_read_write",
            "variable": []
          },
          "sensitive_attributes": [],
          "identity_schema_version": 0,
          "private": "bnVsbA=="
        }
      ]
    }
  ],
  "check_results": null
}
